{
    "_meta": {
        "hash": {
            "sha256": "ce2e9cd5a4435c3cf1b4f7093d6fd5d1abcd9bc015cad530028f7af1bafa2f51"
        },
        "pipfile-spec": 6,
        "requires": {
            "python_version": "3.4"
        },
        "sources": [
            {
                "name": "pypi",
                "url": "https://pypi.org/simple",
                "verify_ssl": true
            }
        ]
    },
    "default": {},
    "develop": {}
}
